
Microsoft Visual Studio Solution File, Format Version 12.00
# Visual Studio 15
VisualStudioVersion = 15.0.27428.2043
MinimumVisualStudioVersion = 10.0.40219.1
Project("{8BC9CEB8-8B4A-11D0-8D11-00A0C91BC942}") = "Noti", "Noti\Noti.vcxproj", "{6DC4CF06-2E19-40F2-ADDD-83388E117B59}"
EndProject
Global
	GlobalSection(SolutionConfigurationPlatforms) = preSolution
		Debug|x64 = Debug|x64
		Debug|x86 = Debug|x86
		Release|x64 = Release|x64
		Release|x86 = Release|x86
	EndGlobalSection
	GlobalSection(ProjectConfigurationPlatforms) = postSolution
		{6DC4CF06-2E19-40F2-ADDD-83388E117B59}.Debug|x64.ActiveCfg = Debug|x64
		{6DC4CF06-2E19-40F2-ADDD-83388E117B59}.Debug|x64.Build.0 = Debug|x64
		{6DC4CF06-2E19-40F2-ADDD-83388E117B59}.Debug|x86.ActiveCfg = Debug|Win32
		{6DC4CF06-2E19-40F2-ADDD-83388E117B59}.Debug|x86.Build.0 = Debug|Win32
		{6DC4CF06-2E19-40F2-ADDD-83388E117B59}.Release|x64.ActiveCfg = Release|x64
		{6DC4CF06-2E19-40F2-ADDD-83388E117B59}.Release|x64.Build.0 = Release|x64
		{6DC4CF06-2E19-40F2-ADDD-83388E117B59}.Release|x86.ActiveCfg = Release|Win32
		{6DC4CF06-2E19-40F2-ADDD-83388E117B59}.Release|x86.Build.0 = Release|Win32
	EndGlobalSection
	GlobalSection(SolutionProperties) = preSolution
		HideSolutionNode = FALSE
	EndGlobalSection
	GlobalSection(ExtensibilityGlobals) = postSolution
		SolutionGuid = {35D0EE96-D6AA-4232-80F1-EB72C2357B70}
	EndGlobalSection
EndGlobal
